// !$*UTF8*$!
{
	archiveVersion = 1;
	classes = {
	};
	objectVersion = 50;
	objects = {

/* Begin PBXBuildFile section */
		CA1FFC4126374519006D9F8C /* FilteredList.swift in Sources */ = {isa = PBXBuildFile; fileRef = CA1FFC4026374519006D9F8C /* FilteredList.swift */; };
		CA2FA2922637432100A38912 /* Singer+CoreDataClass.swift in Sources */ = {isa = PBXBuildFile; fileRef = CA2FA2902637432100A38912 /* Singer+CoreDataClass.swift */; };
		CA2FA2932637432100A38912 /* Singer+CoreDataProperties.swift in Sources */ = {isa = PBXBuildFile; fileRef = CA2FA2912637432100A38912 /* Singer+CoreDataProperties.swift */; };
		CA87F64C26364C7E00FB36E9 /* AppDelegate.swift in Sources */ = {isa = PBXBuildFile; fileRef = CA87F64B26364C7E00FB36E9 /* AppDelegate.swift */; };
		CA87F64E26364C7E00FB36E9 /* SceneDelegate.swift in Sources */ = {isa = PBXBuildFile; fileRef = CA87F64D26364C7E00FB36E9 /* SceneDelegate.swift */; };
		CA87F65026364C7E00FB36E9 /* ContentView.swift in Sources */ = {isa = PBXBuildFile; fileRef = CA87F64F26364C7E00FB36E9 /* ContentView.swift */; };
		CA87F65326364C7E00FB36E9 /* CoreDataProject2.xcdatamodeld in Sources */ = {isa = PBXBuildFile; fileRef = CA87F65126364C7E00FB36E9 /* CoreDataProject2.xcdatamodeld */; };
		CA87F65526364C7F00FB36E9 /* Assets.xcassets in Resources */ = {isa = PBXBuildFile; fileRef = CA87F65426364C7F00FB36E9 /* Assets.xcassets */; };
		CA87F65826364C7F00FB36E9 /* Preview Assets.xcassets in Resources */ = {isa = PBXBuildFile; fileRef = CA87F65726364C7F00FB36E9 /* Preview Assets.xcassets */; };
		CA87F65B26364C7F00FB36E9 /* LaunchScreen.storyboard in Resources */ = {isa = PBXBuildFile; fileRef = CA87F65926364C7F00FB36E9 /* LaunchScreen.storyboard */; };
/* End PBXBuildFile section */

/* Begin PBXFileReference section */
		CA1FFC4026374519006D9F8C /* FilteredList.swift */ = {isa = PBXFileReference; lastKnownFileType = sourcecode.swift; path = FilteredList.swift; sourceTree = "<group>"; };
		CA2FA2902637432100A38912 /* Singer+CoreDataClass.swift */ = {isa = PBXFileReference; lastKnownFileType = sourcecode.swift; path = "Singer+CoreDataClass.swift"; sourceTree = "<group>"; };
		CA2FA2912637432100A38912 /* Singer+CoreDataProperties.swift */ = {isa = PBXFileReference; lastKnownFileType = sourcecode.swift; path = "Singer+CoreDataProperties.swift"; sourceTree = "<group>"; };
		CA87F64826364C7E00FB36E9 /* CoreDataProject2.app */ = {isa = PBXFileReference; explicitFileType = wrapper.application; includeInIndex = 0; path = CoreDataProject2.app; sourceTree = BUILT_PRODUCTS_DIR; };
		CA87F64B26364C7E00FB36E9 /* AppDelegate.swift */ = {isa = PBXFileReference; lastKnownFileType = sourcecode.swift; path = AppDelegate.swift; sourceTree = "<group>"; };
		CA87F64D26364C7E00FB36E9 /* SceneDelegate.swift */ = {isa = PBXFileReference; lastKnownFileType = sourcecode.swift; path = SceneDelegate.swift; sourceTree = "<group>"; };
		CA87F64F26364C7E00FB36E9 /* ContentView.swift */ = {isa = PBXFileReference; lastKnownFileType = sourcecode.swift; path = ContentView.swift; sourceTree = "<group>"; };
		CA87F65226364C7E00FB36E9 /* CoreDataProject2.xcdatamodel */ = {isa = PBXFileReference; lastKnownFileType = wrapper.xcdatamodel; path = CoreDataProject2.xcdatamodel; sourceTree = "<group>"; };
		CA87F65426364C7F00FB36E9 /* Assets.xcassets */ = {isa = PBXFileReference; lastKnownFileType = folder.assetcatalog; path = Assets.xcassets; sourceTree = "<group>"; };
		CA87F65726364C7F00FB36E9 /* Preview Assets.xcassets */ = {isa = PBXFileReference; lastKnownFileType = folder.assetcatalog; path = "Preview Assets.xcassets"; sourceTree = "<group>"; };
		CA87F65A26364C7F00FB36E9 /* Base */ = {isa = PBXFileReference; lastKnownFileType = file.storyboard; name = Base; path = Base.lproj/LaunchScreen.storyboard; sourceTree = "<group>"; };
		CA87F65C26364C7F00FB36E9 /* Info.plist */ = {isa = PBXFileReference; lastKnownFileType = text.plist.xml; path = Info.plist; sourceTree = "<group>"; };
/* End PBXFileReference section */

/* Begin PBXFrameworksBuildPhase section */
		CA87F64526364C7E00FB36E9 /* Frameworks */ = {
			isa = PBXFrameworksBuildPhase;
			buildActionMask = 2147483647;
			files = (
			);
			runOnlyForDeploymentPostprocessing = 0;
		};
/* End PBXFrameworksBuildPhase section */

/* Begin PBXGroup section */
		CA87F63F26364C7E00FB36E9 = {
			isa = PBXGroup;
			children = (
				CA87F64A26364C7E00FB36E9 /* CoreDataProject2 */,
				CA87F64926364C7E00FB36E9 /* Products */,
			);
			sourceTree = "<group>";
		};
		CA87F64926364C7E00FB36E9 /* Products */ = {
			isa = PBXGroup;
			children = (
				CA87F64826364C7E00FB36E9 /* CoreDataProject2.app */,
			);
			name = Products;
			sourceTree = "<group>";
		};
		CA87F64A26364C7E00FB36E9 /* CoreDataProject2 */ = {
			isa = PBXGroup;
			children = (
				CA2FA2902637432100A38912 /* Singer+CoreDataClass.swift */,
				CA2FA2912637432100A38912 /* Singer+CoreDataProperties.swift */,
				CA87F64B26364C7E00FB36E9 /* AppDelegate.swift */,
				CA87F64D26364C7E00FB36E9 /* SceneDelegate.swift */,
				CA87F64F26364C7E00FB36E9 /* ContentView.swift */,
				CA1FFC4026374519006D9F8C /* FilteredList.swift */,
				CA87F65426364C7F00FB36E9 /* Assets.xcassets */,
				CA87F65926364C7F00FB36E9 /* LaunchScreen.storyboard */,
				CA87F65C26364C7F00FB36E9 /* Info.plist */,
				CA87F65126364C7E00FB36E9 /* CoreDataProject2.xcdatamodeld */,
				CA87F65626364C7F00FB36E9 /* Preview Content */,
			);
			path = CoreDataProject2;
			sourceTree = "<group>";
		};
		CA87F65626364C7F00FB36E9 /* Preview Content */ = {
			isa = PBXGroup;
			children = (
				CA87F65726364C7F00FB36E9 /* Preview Assets.xcassets */,
			);
			path = "Preview Content";
			sourceTree = "<group>";
		};
/* End PBXGroup section */

/* Begin PBXNativeTarget section */
		CA87F64726364C7E00FB36E9 /* CoreDataProject2 */ = {
			isa = PBXNativeTarget;
			buildConfigurationList = CA87F65F26364C7F00FB36E9 /* Build configuration list for PBXNativeTarget "CoreDataProject2" */;
			buildPhases = (
				CA87F64426364C7E00FB36E9 /* Sources */,
				CA87F64526364C7E00FB36E9 /* Frameworks */,
				CA87F64626364C7E00FB36E9 /* Resources */,
			);
			buildRules = (
			);
			dependencies = (
			);
			name = CoreDataProject2;
			productName = CoreDataProject2;
			productReference = CA87F64826364C7E00FB36E9 /* CoreDataProject2.app */;
			productType = "com.apple.product-type.application";
		};
/* End PBXNativeTarget section */

/* Begin PBXProject section */
		CA87F64026364C7E00FB36E9 /* Project object */ = {
			isa = PBXProject;
			attributes = {
				LastSwiftUpdateCheck = 1240;
				LastUpgradeCheck = 1240;
				TargetAttributes = {
					CA87F64726364C7E00FB36E9 = {
						CreatedOnToolsVersion = 12.4;
					};
				};
			};
			buildConfigurationList = CA87F64326364C7E00FB36E9 /* Build configuration list for PBXProject "CoreDataProject2" */;
			compatibilityVersion = "Xcode 9.3";
			developmentRegion = en;
			hasScannedForEncodings = 0;
			knownRegions = (
				en,
				Base,
			);
			mainGroup = CA87F63F26364C7E00FB36E9;
			productRefGroup = CA87F64926364C7E00FB36E9 /* Products */;
			projectDirPath = "";
			projectRoot = "";
			targets = (
				CA87F64726364C7E00FB36E9 /* CoreDataProject2 */,
			);
		};
/* End PBXProject section */

/* Begin PBXResourcesBuildPhase section */
		CA87F64626364C7E00FB36E9 /* Resources */ = {
			isa = PBXResourcesBuildPhase;
			buildActionMask = 2147483647;
			files = (
				CA87F65B26364C7F00FB36E9 /* LaunchScreen.storyboard in Resources */,
				CA87F65826364C7F00FB36E9 /* Preview Assets.xcassets in Resources */,
				CA87F65526364C7F00FB36E9 /* Assets.xcassets in Resources */,
			);
			runOnlyForDeploymentPostprocessing = 0;
		};
/* End PBXResourcesBuildPhase section */

/* Begin PBXSourcesBuildPhase section */
		CA87F64426364C7E00FB36E9 /* Sources */ = {
			isa = PBXSourcesBuildPhase;
			buildActionMask = 2147483647;
			files = (
				CA87F64C26364C7E00FB36E9 /* AppDelegate.swift in Sources */,
				CA2FA2932637432100A38912 /* Singer+CoreDataProperties.swift in Sources */,
				CA87F65326364C7E00FB36E9 /* CoreDataProject2.xcdatamodeld in Sources */,
				CA2FA2922637432100A38912 /* Singer+CoreDataClass.swift in Sources */,
				CA87F64E26364C7E00FB36E9 /* SceneDelegate.swift in Sources */,
				CA87F65026364C7E00FB36E9 /* ContentView.swift in Sources */,
				CA1FFC4126374519006D9F8C /* FilteredList.swift in Sources */,
			);
			runOnlyForDeploymentPostprocessing = 0;
		};
/* End PBXSourcesBuildPhase section */

/* Begin PBXVariantGroup section */
		CA87F65926364C7F00FB36E9 /* LaunchScreen.storyboard */ = {
			isa = PBXVariantGroup;
			children = (
				CA87F65A26364C7F00FB36E9 /* Base */,
			);
			name = LaunchScreen.storyboard;
			sourceTree = "<group>";
		};
/* End PBXVariantGroup section */

/* Begin XCBuildConfiguration section */
		CA87F65D26364C7F00FB36E9 /* Debug */ = {
			isa = XCBuildConfiguration;
			buildSettings = {
				ALWAYS_SEARCH_USER_PATHS = NO;
				CLANG_ANALYZER_NONNULL = YES;
				CLANG_ANALYZER_NUMBER_OBJECT_CONVERSION = YES_AGGRESSIVE;
				CLANG_CXX_LANGUAGE_STANDARD = "gnu++14";
				CLANG_CXX_LIBRARY = "libc++";
				CLANG_ENABLE_MODULES = YES;
				CLANG_ENABLE_OBJC_ARC = YES;
				CLANG_ENABLE_OBJC_WEAK = YES;
				CLANG_WARN_BLOCK_CAPTURE_AUTORELEASING = YES;
				CLANG_WARN_BOOL_CONVERSION = YES;
				CLANG_WARN_COMMA = YES;
				CLANG_WARN_CONSTANT_CONVERSION = YES;
				CLANG_WARN_DEPRECATED_OBJC_IMPLEMENTATIONS = YES;
				CLANG_WARN_DIRECT_OBJC_ISA_USAGE = YES_ERROR;
				CLANG_WARN_DOCUMENTATION_COMMENTS = YES;
				CLANG_WARN_EMPTY_BODY = YES;
				CLANG_WARN_ENUM_CONVERSION = YES;
				CLANG_WARN_INFINITE_RECURSION = YES;
				CLANG_WARN_INT_CONVERSION = YES;
				CLANG_WARN_NON_LITERAL_NULL_CONVERSION = YES;
				CLANG_WARN_OBJC_IMPLICIT_RETAIN_SELF = YES;
				CLANG_WARN_OBJC_LITERAL_CONVERSION = YES;
				CLANG_WARN_OBJC_ROOT_CLASS = YES_ERROR;
				CLANG_WARN_QUOTED_INCLUDE_IN_FRAMEWORK_HEADER = YES;
				CLANG_WARN_RANGE_LOOP_ANALYSIS = YES;
				CLANG_WARN_STRICT_PROTOTYPES = YES;
				CLANG_WARN_SUSPICIOUS_MOVE = YES;
				CLANG_WARN_UNGUARDED_AVAILABILITY = YES_AGGRESSIVE;
				CLANG_WARN_UNREACHABLE_CODE = YES;
				CLANG_WARN__DUPLICATE_METHOD_MATCH = YES;
				COPY_PHASE_STRIP = NO;
				DEBUG_INFORMATION_FORMAT = dwarf;
				ENABLE_STRICT_OBJC_MSGSEND = YES;
				ENABLE_TESTABILITY = YES;
				GCC_C_LANGUAGE_STANDARD = gnu11;
				GCC_DYNAMIC_NO_PIC = NO;
				GCC_NO_COMMON_BLOCKS = YES;
				GCC_OPTIMIZATION_LEVEL = 0;
				GCC_PREPROCESSOR_DEFINITIONS = (
					"DEBUG=1",
					"$(inherited)",
				);
				GCC_WARN_64_TO_32_BIT_CONVERSION = YES;
				GCC_WARN_ABOUT_RETURN_TYPE = YES_ERROR;
				GCC_WARN_UNDECLARED_SELECTOR = YES;
				GCC_WARN_UNINITIALIZED_AUTOS = YES_AGGRESSIVE;
				GCC_WARN_UNUSED_FUNCTION = YES;
				GCC_WARN_UNUSED_VARIABLE = YES;
				IPHONEOS_DEPLOYMENT_TARGET = 14.4;
				MTL_ENABLE_DEBUG_INFO = INCLUDE_SOURCE;
				MTL_FAST_MATH = YES;
				ONLY_ACTIVE_ARCH = YES;
				SDKROOT = iphoneos;
				SWIFT_ACTIVE_COMPILATION_CONDITIONS = DEBUG;
				SWIFT_OPTIMIZATION_LEVEL = "-Onone";
			};
			name = Debug;
		};
		CA87F65E26364C7F00FB36E9 /* Release */ = {
			isa = XCBuildConfiguration;
			buildSettings = {
				ALWAYS_SEARCH_USER_PATHS = NO;
				CLANG_ANALYZER_NONNULL = YES;
				CLANG_ANALYZER_NUMBER_OBJECT_CONVERSION = YES_AGGRESSIVE;
				CLANG_CXX_LANGUAGE_STANDARD = "gnu++14";
				CLANG_CXX_LIBRARY = "libc++";
				CLANG_ENABLE_MODULES = YES;
				CLANG_ENABLE_OBJC_ARC = YES;
				CLANG_ENABLE_OBJC_WEAK = YES;
				CLANG_WARN_BLOCK_CAPTURE_AUTORELEASING = YES;
				CLANG_WARN_BOOL_CONVERSION = YES;
				CLANG_WARN_COMMA = YES;
				CLANG_WARN_CONSTANT_CONVERSION = YES;
				CLANG_WARN_DEPRECATED_OBJC_IMPLEMENTATIONS = YES;
				CLANG_WARN_DIRECT_OBJC_ISA_USAGE = YES_ERROR;
				CLANG_WARN_DOCUMENTATION_COMMENTS = YES;
				CLANG_WARN_EMPTY_BODY = YES;
				CLANG_WARN_ENUM_CONVERSION = YES;
				CLANG_WARN_INFINITE_RECURSION = YES;
				CLANG_WARN_INT_CONVERSION = YES;
				CLANG_WARN_NON_LITERAL_NULL_CONVERSION = YES;
				CLANG_WARN_OBJC_IMPLICIT_RETAIN_SELF = YES;
				CLANG_WARN_OBJC_LITERAL_CONVERSION = YES;
				CLANG_WARN_OBJC_ROOT_CLASS = YES_ERROR;
				CLANG_WARN_QUOTED_INCLUDE_IN_FRAMEWORK_HEADER = YES;
				CLANG_WARN_RANGE_LOOP_ANALYSIS = YES;
				CLANG_WARN_STRICT_PROTOTYPES = YES;
				CLANG_WARN_SUSPICIOUS_MOVE = YES;
				CLANG_WARN_UNGUARDED_AVAILABILITY = YES_AGGRESSIVE;
				CLANG_WARN_UNREACHABLE_CODE = YES;
				CLANG_WARN__DUPLICATE_METHOD_MATCH = YES;
				COPY_PHASE_STRIP = NO;
				DEBUG_INFORMATION_FORMAT = "dwarf-with-dsym";
				ENABLE_NS_ASSERTIONS = NO;
				ENABLE_STRICT_OBJC_MSGSEND = YES;
				GCC_C_LANGUAGE_STANDARD = gnu11;
				GCC_NO_COMMON_BLOCKS = YES;
				GCC_WARN_64_TO_32_BIT_CONVERSION = YES;
				GCC_WARN_ABOUT_RETURN_TYPE = YES_ERROR;
				GCC_WARN_UNDECLARED_SELECTOR = YES;
				GCC_WARN_UNINITIALIZED_AUTOS = YES_AGGRESSIVE;
				GCC_WARN_UNUSED_FUNCTION = YES;
				GCC_WARN_UNUSED_VARIABLE = YES;
				IPHONEOS_DEPLOYMENT_TARGET = 14.4;
				MTL_ENABLE_DEBUG_INFO = NO;
				MTL_FAST_MATH = YES;
				SDKROOT = iphoneos;
				SWIFT_COMPILATION_MODE = wholemodule;
				SWIFT_OPTIMIZATION_LEVEL = "-O";
				VALIDATE_PRODUCT = YES;
			};
			name = Release;
		};
		CA87F66026364C7F00FB36E9 /* Debug */ = {
			isa = XCBuildConfiguration;
			buildSettings = {
				ASSETCATALOG_COMPILER_APPICON_NAME = AppIcon;
				ASSETCATALOG_COMPILER_GLOBAL_ACCENT_COLOR_NAME = AccentColor;
				CODE_SIGN_STYLE = Automatic;
				DEVELOPMENT_ASSET_PATHS = "\"CoreDataProject2/Preview Content\"";
				DEVELOPMENT_TEAM = GN64R4AHYT;
				ENABLE_PREVIEWS = YES;
				INFOPLIST_FILE = CoreDataProject2/Info.plist;
				LD_RUNPATH_SEARCH_PATHS = (
					"$(inherited)",
					"@executable_path/Frameworks",
				);
				PRODUCT_BUNDLE_IDENTIFIER = bknox.dev.CoreDataProject2;
				PRODUCT_NAME = "$(TARGET_NAME)";
				SWIFT_VERSION = 5.0;
				TARGETED_DEVICE_FAMILY = "1,2";
			};
			name = Debug;
		};
		CA87F66126364C7F00FB36E9 /* Release */ = {
			isa = XCBuildConfiguration;
			buildSettings = {
				ASSETCATALOG_COMPILER_APPICON_NAME = AppIcon;
				ASSETCATALOG_COMPILER_GLOBAL_ACCENT_COLOR_NAME = AccentColor;
				CODE_SIGN_STYLE = Automatic;
				DEVELOPMENT_ASSET_PATHS = "\"CoreDataProject2/Preview Content\"";
				DEVELOPMENT_TEAM = GN64R4AHYT;
				ENABLE_PREVIEWS = YES;
				INFOPLIST_FILE = CoreDataProject2/Info.plist;
				LD_RUNPATH_SEARCH_PATHS = (
					"$(inherited)",
					"@executable_path/Frameworks",
				);
				PRODUCT_BUNDLE_IDENTIFIER = bknox.dev.CoreDataProject2;
				PRODUCT_NAME = "$(TARGET_NAME)";
				SWIFT_VERSION = 5.0;
				TARGETED_DEVICE_FAMILY = "1,2";
			};
			name = Release;
		};
/* End XCBuildConfiguration section */

/* Begin XCConfigurationList section */
		CA87F64326364C7E00FB36E9 /* Build configuration list for PBXProject "CoreDataProject2" */ = {
			isa = XCConfigurationList;
			buildConfigurations = (
				CA87F65D26364C7F00FB36E9 /* Debug */,
				CA87F65E26364C7F00FB36E9 /* Release */,
			);
			defaultConfigurationIsVisible = 0;
			defaultConfigurationName = Release;
		};
		CA87F65F26364C7F00FB36E9 /* Build configuration list for PBXNativeTarget "CoreDataProject2" */ = {
			isa = XCConfigurationList;
			buildConfigurations = (
				CA87F66026364C7F00FB36E9 /* Debug */,
				CA87F66126364C7F00FB36E9 /* Release */,
			);
			defaultConfigurationIsVisible = 0;
			defaultConfigurationName = Release;
		};
/* End XCConfigurationList section */

/* Begin XCVersionGroup section */
		CA87F65126364C7E00FB36E9 /* CoreDataProject2.xcdatamodeld */ = {
			isa = XCVersionGroup;
			children = (
				CA87F65226364C7E00FB36E9 /* CoreDataProject2.xcdatamodel */,
			);
			currentVersion = CA87F65226364C7E00FB36E9 /* CoreDataProject2.xcdatamodel */;
			path = CoreDataProject2.xcdatamodeld;
			sourceTree = "<group>";
			versionGroupType = wrapper.xcdatamodel;
		};
/* End XCVersionGroup section */
	};
	rootObject = CA87F64026364C7E00FB36E9 /* Project object */;
}
